
Microsoft Visual Studio Solution File, Format Version 12.00
# Visual Studio Version 17
VisualStudioVersion = 17.12.35527.113 d17.12
MinimumVisualStudioVersion = 10.0.40219.1
Project("{FAE04EC0-301F-11D3-BF4B-00C04F79EFBC}") = "JobAggregator.API", "JobAggregator.API\JobAggregator.API.csproj", "{049577A0-C159-4BD6-B17D-1302C5678700}"
EndProject
Project("{FAE04EC0-301F-11D3-BF4B-00C04F79EFBC}") = "JobAggregator.Application", "JobAggregator.Application\JobAggregator.Application.csproj", "{86CF6B56-5FDD-4F72-A0BC-E9E690F62F2F}"
EndProject
Project("{FAE04EC0-301F-11D3-BF4B-00C04F79EFBC}") = "JobAggregator.Domain", "JobAggregator.Domain\JobAggregator.Domain.csproj", "{135F0FEE-F1C7-44DA-AF94-33012278C6D3}"
EndProject
Project("{FAE04EC0-301F-11D3-BF4B-00C04F79EFBC}") = "JobAggregator.Infrastructure", "JobAggregator.Infrastructure\JobAggregator.Infrastructure.csproj", "{08458F19-D1A5-4933-97C1-C967D1B3E2CF}"
EndProject
Global
	GlobalSection(SolutionConfigurationPlatforms) = preSolution
		Debug|Any CPU = Debug|Any CPU
		Release|Any CPU = Release|Any CPU
	EndGlobalSection
	GlobalSection(ProjectConfigurationPlatforms) = postSolution
		{049577A0-C159-4BD6-B17D-1302C5678700}.Debug|Any CPU.ActiveCfg = Debug|Any CPU
		{049577A0-C159-4BD6-B17D-1302C5678700}.Debug|Any CPU.Build.0 = Debug|Any CPU
		{049577A0-C159-4BD6-B17D-1302C5678700}.Release|Any CPU.ActiveCfg = Release|Any CPU
		{049577A0-C159-4BD6-B17D-1302C5678700}.Release|Any CPU.Build.0 = Release|Any CPU
		{86CF6B56-5FDD-4F72-A0BC-E9E690F62F2F}.Debug|Any CPU.ActiveCfg = Debug|Any CPU
		{86CF6B56-5FDD-4F72-A0BC-E9E690F62F2F}.Debug|Any CPU.Build.0 = Debug|Any CPU
		{86CF6B56-5FDD-4F72-A0BC-E9E690F62F2F}.Release|Any CPU.ActiveCfg = Release|Any CPU
		{86CF6B56-5FDD-4F72-A0BC-E9E690F62F2F}.Release|Any CPU.Build.0 = Release|Any CPU
		{135F0FEE-F1C7-44DA-AF94-33012278C6D3}.Debug|Any CPU.ActiveCfg = Debug|Any CPU
		{135F0FEE-F1C7-44DA-AF94-33012278C6D3}.Debug|Any CPU.Build.0 = Debug|Any CPU
		{135F0FEE-F1C7-44DA-AF94-33012278C6D3}.Release|Any CPU.ActiveCfg = Release|Any CPU
		{135F0FEE-F1C7-44DA-AF94-33012278C6D3}.Release|Any CPU.Build.0 = Release|Any CPU
		{08458F19-D1A5-4933-97C1-C967D1B3E2CF}.Debug|Any CPU.ActiveCfg = Debug|Any CPU
		{08458F19-D1A5-4933-97C1-C967D1B3E2CF}.Debug|Any CPU.Build.0 = Debug|Any CPU
		{08458F19-D1A5-4933-97C1-C967D1B3E2CF}.Release|Any CPU.ActiveCfg = Release|Any CPU
		{08458F19-D1A5-4933-97C1-C967D1B3E2CF}.Release|Any CPU.Build.0 = Release|Any CPU
	EndGlobalSection
	GlobalSection(SolutionProperties) = preSolution
		HideSolutionNode = FALSE
	EndGlobalSection
EndGlobal
